
Microsoft Visual Studio Solution File, Format Version 12.00
# Visual Studio 15
VisualStudioVersion = 15.0.28010.2041
MinimumVisualStudioVersion = 10.0.40219.1
Project("{FAE04EC0-301F-11D3-BF4B-00C04F79EFBC}") = "VRAM.Data", "VRAM.Data\VRAM.Data.csproj", "{B1F4ADE1-DACC-4BB9-B8C3-77F5E021D818}"
EndProject
Project("{FAE04EC0-301F-11D3-BF4B-00C04F79EFBC}") = "VRAM.Cui", "VRAM.Cui\VRAM.Cui.csproj", "{DB3650C3-3727-455A-867D-804B7B41E456}"
EndProject
Project("{FAE04EC0-301F-11D3-BF4B-00C04F79EFBC}") = "VRAM.Gui", "VRAM.Gui\VRAM.Gui.csproj", "{95247326-EE8F-4A08-9288-0594BE64ED19}"
EndProject
Global
	GlobalSection(SolutionConfigurationPlatforms) = preSolution
		Debug|Any CPU = Debug|Any CPU
		Release|Any CPU = Release|Any CPU
	EndGlobalSection
	GlobalSection(ProjectConfigurationPlatforms) = postSolution
		{B1F4ADE1-DACC-4BB9-B8C3-77F5E021D818}.Debug|Any CPU.ActiveCfg = Debug|Any CPU
		{B1F4ADE1-DACC-4BB9-B8C3-77F5E021D818}.Debug|Any CPU.Build.0 = Debug|Any CPU
		{B1F4ADE1-DACC-4BB9-B8C3-77F5E021D818}.Release|Any CPU.ActiveCfg = Release|Any CPU
		{B1F4ADE1-DACC-4BB9-B8C3-77F5E021D818}.Release|Any CPU.Build.0 = Release|Any CPU
		{DB3650C3-3727-455A-867D-804B7B41E456}.Debug|Any CPU.ActiveCfg = Debug|Any CPU
		{DB3650C3-3727-455A-867D-804B7B41E456}.Debug|Any CPU.Build.0 = Debug|Any CPU
		{DB3650C3-3727-455A-867D-804B7B41E456}.Release|Any CPU.ActiveCfg = Release|Any CPU
		{DB3650C3-3727-455A-867D-804B7B41E456}.Release|Any CPU.Build.0 = Release|Any CPU
		{95247326-EE8F-4A08-9288-0594BE64ED19}.Debug|Any CPU.ActiveCfg = Debug|Any CPU
		{95247326-EE8F-4A08-9288-0594BE64ED19}.Debug|Any CPU.Build.0 = Debug|Any CPU
		{95247326-EE8F-4A08-9288-0594BE64ED19}.Release|Any CPU.ActiveCfg = Release|Any CPU
		{95247326-EE8F-4A08-9288-0594BE64ED19}.Release|Any CPU.Build.0 = Release|Any CPU
	EndGlobalSection
	GlobalSection(SolutionProperties) = preSolution
		HideSolutionNode = FALSE
	EndGlobalSection
	GlobalSection(ExtensibilityGlobals) = postSolution
		SolutionGuid = {90888BC9-16BB-444A-A3E2-128556F5E7B3}
	EndGlobalSection
EndGlobal
